// !$*UTF8*$!
{
	archiveVersion = 1;
	classes = {
	};
	objectVersion = 56;
	objects = {

/* Begin PBXBuildFile section */
		0FBEF5842AC36688006059FE /* CategoryCollectionViewCell.swift in Sources */ = {isa = PBXBuildFile; fileRef = 0FBEF5822AC36688006059FE /* CategoryCollectionViewCell.swift */; };
		0FBEF5852AC36688006059FE /* CategoryCollectionViewCell.xib in Resources */ = {isa = PBXBuildFile; fileRef = 0FBEF5832AC36688006059FE /* CategoryCollectionViewCell.xib */; };
		0FBEF5872AC36A39006059FE /* DishCategry.swift in Sources */ = {isa = PBXBuildFile; fileRef = 0FBEF5862AC36A39006059FE /* DishCategry.swift */; };
		0FF0A70E2AB8CDF800B10620 /* AppDelegate.swift in Sources */ = {isa = PBXBuildFile; fileRef = 0FF0A70D2AB8CDF800B10620 /* AppDelegate.swift */; };
		0FF0A7102AB8CDF800B10620 /* SceneDelegate.swift in Sources */ = {isa = PBXBuildFile; fileRef = 0FF0A70F2AB8CDF800B10620 /* SceneDelegate.swift */; };
		0FF0A7122AB8CDF800B10620 /* ViewController.swift in Sources */ = {isa = PBXBuildFile; fileRef = 0FF0A7112AB8CDF800B10620 /* ViewController.swift */; };
		0FF0A7152AB8CDF800B10620 /* Main.storyboard in Resources */ = {isa = PBXBuildFile; fileRef = 0FF0A7132AB8CDF800B10620 /* Main.storyboard */; };
		0FF0A7172AB8CDFA00B10620 /* Assets.xcassets in Resources */ = {isa = PBXBuildFile; fileRef = 0FF0A7162AB8CDFA00B10620 /* Assets.xcassets */; };
		0FF0A71A2AB8CDFA00B10620 /* LaunchScreen.storyboard in Resources */ = {isa = PBXBuildFile; fileRef = 0FF0A7182AB8CDFA00B10620 /* LaunchScreen.storyboard */; };
		0FF0A7292AB8D40600B10620 /* OnboardingViewController.swift in Sources */ = {isa = PBXBuildFile; fileRef = 0FF0A7282AB8D40600B10620 /* OnboardingViewController.swift */; };
		0FF0A72B2AB8D78000B10620 /* UIView+Extension.swift in Sources */ = {isa = PBXBuildFile; fileRef = 0FF0A72A2AB8D78000B10620 /* UIView+Extension.swift */; };
		0FF0A72D2AB8DA0800B10620 /* OnboardingSlide.swift in Sources */ = {isa = PBXBuildFile; fileRef = 0FF0A72C2AB8DA0800B10620 /* OnboardingSlide.swift */; };
		0FF0A72F2AB8DE4600B10620 /* OmboardingCollectionViewCell.swift in Sources */ = {isa = PBXBuildFile; fileRef = 0FF0A72E2AB8DE4600B10620 /* OmboardingCollectionViewCell.swift */; };
		18D3081B036306E2939122BB /* Pods_Yummie.framework in Frameworks */ = {isa = PBXBuildFile; fileRef = E3AE352FCB187EEC8A95981A /* Pods_Yummie.framework */; };
/* End PBXBuildFile section */

/* Begin PBXFileReference section */
		0FBEF5822AC36688006059FE /* CategoryCollectionViewCell.swift */ = {isa = PBXFileReference; lastKnownFileType = sourcecode.swift; path = CategoryCollectionViewCell.swift; sourceTree = "<group>"; };
		0FBEF5832AC36688006059FE /* CategoryCollectionViewCell.xib */ = {isa = PBXFileReference; lastKnownFileType = file.xib; path = CategoryCollectionViewCell.xib; sourceTree = "<group>"; };
		0FBEF5862AC36A39006059FE /* DishCategry.swift */ = {isa = PBXFileReference; lastKnownFileType = sourcecode.swift; path = DishCategry.swift; sourceTree = "<group>"; };
		0FF0A70A2AB8CDF800B10620 /* Yummie.app */ = {isa = PBXFileReference; explicitFileType = wrapper.application; includeInIndex = 0; path = Yummie.app; sourceTree = BUILT_PRODUCTS_DIR; };
		0FF0A70D2AB8CDF800B10620 /* AppDelegate.swift */ = {isa = PBXFileReference; lastKnownFileType = sourcecode.swift; path = AppDelegate.swift; sourceTree = "<group>"; };
		0FF0A70F2AB8CDF800B10620 /* SceneDelegate.swift */ = {isa = PBXFileReference; lastKnownFileType = sourcecode.swift; path = SceneDelegate.swift; sourceTree = "<group>"; };
		0FF0A7112AB8CDF800B10620 /* ViewController.swift */ = {isa = PBXFileReference; lastKnownFileType = sourcecode.swift; path = ViewController.swift; sourceTree = "<group>"; };
		0FF0A7142AB8CDF800B10620 /* Base */ = {isa = PBXFileReference; lastKnownFileType = file.storyboard; name = Base; path = Base.lproj/Main.storyboard; sourceTree = "<group>"; };
		0FF0A7162AB8CDFA00B10620 /* Assets.xcassets */ = {isa = PBXFileReference; lastKnownFileType = folder.assetcatalog; path = Assets.xcassets; sourceTree = "<group>"; };
		0FF0A7192AB8CDFA00B10620 /* Base */ = {isa = PBXFileReference; lastKnownFileType = file.storyboard; name = Base; path = Base.lproj/LaunchScreen.storyboard; sourceTree = "<group>"; };
		0FF0A71B2AB8CDFA00B10620 /* Info.plist */ = {isa = PBXFileReference; lastKnownFileType = text.plist.xml; path = Info.plist; sourceTree = "<group>"; };
		0FF0A7282AB8D40600B10620 /* OnboardingViewController.swift */ = {isa = PBXFileReference; lastKnownFileType = sourcecode.swift; path = OnboardingViewController.swift; sourceTree = "<group>"; };
		0FF0A72A2AB8D78000B10620 /* UIView+Extension.swift */ = {isa = PBXFileReference; lastKnownFileType = sourcecode.swift; path = "UIView+Extension.swift"; sourceTree = "<group>"; };
		0FF0A72C2AB8DA0800B10620 /* OnboardingSlide.swift */ = {isa = PBXFileReference; lastKnownFileType = sourcecode.swift; path = OnboardingSlide.swift; sourceTree = "<group>"; };
		0FF0A72E2AB8DE4600B10620 /* OmboardingCollectionViewCell.swift */ = {isa = PBXFileReference; lastKnownFileType = sourcecode.swift; path = OmboardingCollectionViewCell.swift; sourceTree = "<group>"; };
		12E0EF639D61C36540A9E900 /* Pods-Yummie.debug.xcconfig */ = {isa = PBXFileReference; includeInIndex = 1; lastKnownFileType = text.xcconfig; name = "Pods-Yummie.debug.xcconfig"; path = "Target Support Files/Pods-Yummie/Pods-Yummie.debug.xcconfig"; sourceTree = "<group>"; };
		82F70F889157F47E6E2DCCD7 /* Pods-Yummie.release.xcconfig */ = {isa = PBXFileReference; includeInIndex = 1; lastKnownFileType = text.xcconfig; name = "Pods-Yummie.release.xcconfig"; path = "Target Support Files/Pods-Yummie/Pods-Yummie.release.xcconfig"; sourceTree = "<group>"; };
		E3AE352FCB187EEC8A95981A /* Pods_Yummie.framework */ = {isa = PBXFileReference; explicitFileType = wrapper.framework; includeInIndex = 0; path = Pods_Yummie.framework; sourceTree = BUILT_PRODUCTS_DIR; };
/* End PBXFileReference section */

/* Begin PBXFrameworksBuildPhase section */
		0FF0A7072AB8CDF800B10620 /* Frameworks */ = {
			isa = PBXFrameworksBuildPhase;
			buildActionMask = 2147483647;
			files = (
				18D3081B036306E2939122BB /* Pods_Yummie.framework in Frameworks */,
			);
			runOnlyForDeploymentPostprocessing = 0;
		};
/* End PBXFrameworksBuildPhase section */

/* Begin PBXGroup section */
		0FBEF5812AC36610006059FE /* categoryCollectionViewCell */ = {
			isa = PBXGroup;
			children = (
				0FBEF5822AC36688006059FE /* CategoryCollectionViewCell.swift */,
				0FBEF5832AC36688006059FE /* CategoryCollectionViewCell.xib */,
			);
			path = categoryCollectionViewCell;
			sourceTree = "<group>";
		};
		0FF0A7012AB8CDF800B10620 = {
			isa = PBXGroup;
			children = (
				0FF0A70C2AB8CDF800B10620 /* Yummie */,
				0FF0A70B2AB8CDF800B10620 /* Products */,
				6D464B0EDD07D8844773B4E8 /* Pods */,
				E152AE4E0570EAAF7AFD4A51 /* Frameworks */,
			);
			sourceTree = "<group>";
		};
		0FF0A70B2AB8CDF800B10620 /* Products */ = {
			isa = PBXGroup;
			children = (
				0FF0A70A2AB8CDF800B10620 /* Yummie.app */,
			);
			name = Products;
			sourceTree = "<group>";
		};
		0FF0A70C2AB8CDF800B10620 /* Yummie */ = {
			isa = PBXGroup;
			children = (
				0FF0A7242AB8CFD000B10620 /* Controllers */,
				0FF0A7222AB8CFBD00B10620 /* Views */,
				0FF0A7252AB8D33100B10620 /* Models */,
				0FF0A7262AB8D34F00B10620 /* CustomViews */,
				0FF0A7212AB8CFB200B10620 /* Extenstion */,
				0FF0A70D2AB8CDF800B10620 /* AppDelegate.swift */,
				0FF0A70F2AB8CDF800B10620 /* SceneDelegate.swift */,
				0FF0A7162AB8CDFA00B10620 /* Assets.xcassets */,
				0FF0A71B2AB8CDFA00B10620 /* Info.plist */,
			);
			path = Yummie;
			sourceTree = "<group>";
		};
		0FF0A7212AB8CFB200B10620 /* Extenstion */ = {
			isa = PBXGroup;
			children = (
				0FF0A72A2AB8D78000B10620 /* UIView+Extension.swift */,
			);
			path = Extenstion;
			sourceTree = "<group>";
		};
		0FF0A7222AB8CFBD00B10620 /* Views */ = {
			isa = PBXGroup;
			children = (
				0FF0A7272AB8D3BE00B10620 /* Onboarding */,
				0FF0A7232AB8CFC600B10620 /* Main */,
			);
			path = Views;
			sourceTree = "<group>";
		};
		0FF0A7232AB8CFC600B10620 /* Main */ = {
			isa = PBXGroup;
			children = (
				0FF0A7132AB8CDF800B10620 /* Main.storyboard */,
				0FF0A7182AB8CDFA00B10620 /* LaunchScreen.storyboard */,
			);
			path = Main;
			sourceTree = "<group>";
		};
		0FF0A7242AB8CFD000B10620 /* Controllers */ = {
			isa = PBXGroup;
			children = (
				0FBEF5812AC36610006059FE /* categoryCollectionViewCell */,
				0FF0A7112AB8CDF800B10620 /* ViewController.swift */,
			);
			path = Controllers;
			sourceTree = "<group>";
		};
		0FF0A7252AB8D33100B10620 /* Models */ = {
			isa = PBXGroup;
			children = (
				0FF0A72C2AB8DA0800B10620 /* OnboardingSlide.swift */,
				0FBEF5862AC36A39006059FE /* DishCategry.swift */,
			);
			path = Models;
			sourceTree = "<group>";
		};
		0FF0A7262AB8D34F00B10620 /* CustomViews */ = {
			isa = PBXGroup;
			children = (
			);
			path = CustomViews;
			sourceTree = "<group>";
		};
		0FF0A7272AB8D3BE00B10620 /* Onboarding */ = {
			isa = PBXGroup;
			children = (
				0FF0A7282AB8D40600B10620 /* OnboardingViewController.swift */,
				0FF0A72E2AB8DE4600B10620 /* OmboardingCollectionViewCell.swift */,
			);
			path = Onboarding;
			sourceTree = "<group>";
		};
		6D464B0EDD07D8844773B4E8 /* Pods */ = {
			isa = PBXGroup;
			children = (
				12E0EF639D61C36540A9E900 /* Pods-Yummie.debug.xcconfig */,
				82F70F889157F47E6E2DCCD7 /* Pods-Yummie.release.xcconfig */,
			);
			name = Pods;
			path = Pods;
			sourceTree = "<group>";
		};
		E152AE4E0570EAAF7AFD4A51 /* Frameworks */ = {
			isa = PBXGroup;
			children = (
				E3AE352FCB187EEC8A95981A /* Pods_Yummie.framework */,
			);
			name = Frameworks;
			sourceTree = "<group>";
		};
/* End PBXGroup section */

/* Begin PBXNativeTarget section */
		0FF0A7092AB8CDF800B10620 /* Yummie */ = {
			isa = PBXNativeTarget;
			buildConfigurationList = 0FF0A71E2AB8CDFA00B10620 /* Build configuration list for PBXNativeTarget "Yummie" */;
			buildPhases = (
				E59F0EA5B30E878BE423E34F /* [CP] Check Pods Manifest.lock */,
				0FF0A7062AB8CDF800B10620 /* Sources */,
				0FF0A7072AB8CDF800B10620 /* Frameworks */,
				0FF0A7082AB8CDF800B10620 /* Resources */,
			);
			buildRules = (
			);
			dependencies = (
			);
			name = Yummie;
			productName = Yummie;
			productReference = 0FF0A70A2AB8CDF800B10620 /* Yummie.app */;
			productType = "com.apple.product-type.application";
		};
/* End PBXNativeTarget section */

/* Begin PBXProject section */
		0FF0A7022AB8CDF800B10620 /* Project object */ = {
			isa = PBXProject;
			attributes = {
				BuildIndependentTargetsInParallel = 1;
				LastSwiftUpdateCheck = 1430;
				LastUpgradeCheck = 1430;
				TargetAttributes = {
					0FF0A7092AB8CDF800B10620 = {
						CreatedOnToolsVersion = 14.3.1;
					};
				};
			};
			buildConfigurationList = 0FF0A7052AB8CDF800B10620 /* Build configuration list for PBXProject "Yummie" */;
			compatibilityVersion = "Xcode 14.0";
			developmentRegion = en;
			hasScannedForEncodings = 0;
			knownRegions = (
				en,
				Base,
			);
			mainGroup = 0FF0A7012AB8CDF800B10620;
			productRefGroup = 0FF0A70B2AB8CDF800B10620 /* Products */;
			projectDirPath = "";
			projectRoot = "";
			targets = (
				0FF0A7092AB8CDF800B10620 /* Yummie */,
			);
		};
/* End PBXProject section */

/* Begin PBXResourcesBuildPhase section */
		0FF0A7082AB8CDF800B10620 /* Resources */ = {
			isa = PBXResourcesBuildPhase;
			buildActionMask = 2147483647;
			files = (
				0FBEF5852AC36688006059FE /* CategoryCollectionViewCell.xib in Resources */,
				0FF0A71A2AB8CDFA00B10620 /* LaunchScreen.storyboard in Resources */,
				0FF0A7172AB8CDFA00B10620 /* Assets.xcassets in Resources */,
				0FF0A7152AB8CDF800B10620 /* Main.storyboard in Resources */,
			);
			runOnlyForDeploymentPostprocessing = 0;
		};
/* End PBXResourcesBuildPhase section */

/* Begin PBXShellScriptBuildPhase section */
		E59F0EA5B30E878BE423E34F /* [CP] Check Pods Manifest.lock */ = {
			isa = PBXShellScriptBuildPhase;
			buildActionMask = 2147483647;
			files = (
			);
			inputFileListPaths = (
			);
			inputPaths = (
				"${PODS_PODFILE_DIR_PATH}/Podfile.lock",
				"${PODS_ROOT}/Manifest.lock",
			);
			name = "[CP] Check Pods Manifest.lock";
			outputFileListPaths = (
			);
			outputPaths = (
				"$(DERIVED_FILE_DIR)/Pods-Yummie-checkManifestLockResult.txt",
			);
			runOnlyForDeploymentPostprocessing = 0;
			shellPath = /bin/sh;
			shellScript = "diff \"${PODS_PODFILE_DIR_PATH}/Podfile.lock\" \"${PODS_ROOT}/Manifest.lock\" > /dev/null\nif [ $? != 0 ] ; then\n    # print error to STDERR\n    echo \"error: The sandbox is not in sync with the Podfile.lock. Run 'pod install' or update your CocoaPods installation.\" >&2\n    exit 1\nfi\n# This output is used by Xcode 'outputs' to avoid re-running this script phase.\necho \"SUCCESS\" > \"${SCRIPT_OUTPUT_FILE_0}\"\n";
			showEnvVarsInLog = 0;
		};
/* End PBXShellScriptBuildPhase section */

/* Begin PBXSourcesBuildPhase section */
		0FF0A7062AB8CDF800B10620 /* Sources */ = {
			isa = PBXSourcesBuildPhase;
			buildActionMask = 2147483647;
			files = (
				0FBEF5842AC36688006059FE /* CategoryCollectionViewCell.swift in Sources */,
				0FF0A7122AB8CDF800B10620 /* ViewController.swift in Sources */,
				0FF0A72F2AB8DE4600B10620 /* OmboardingCollectionViewCell.swift in Sources */,
				0FF0A70E2AB8CDF800B10620 /* AppDelegate.swift in Sources */,
				0FBEF5872AC36A39006059FE /* DishCategry.swift in Sources */,
				0FF0A7102AB8CDF800B10620 /* SceneDelegate.swift in Sources */,
				0FF0A72B2AB8D78000B10620 /* UIView+Extension.swift in Sources */,
				0FF0A72D2AB8DA0800B10620 /* OnboardingSlide.swift in Sources */,
				0FF0A7292AB8D40600B10620 /* OnboardingViewController.swift in Sources */,
			);
			runOnlyForDeploymentPostprocessing = 0;
		};
/* End PBXSourcesBuildPhase section */

/* Begin PBXVariantGroup section */
		0FF0A7132AB8CDF800B10620 /* Main.storyboard */ = {
			isa = PBXVariantGroup;
			children = (
				0FF0A7142AB8CDF800B10620 /* Base */,
			);
			name = Main.storyboard;
			sourceTree = "<group>";
		};
		0FF0A7182AB8CDFA00B10620 /* LaunchScreen.storyboard */ = {
			isa = PBXVariantGroup;
			children = (
				0FF0A7192AB8CDFA00B10620 /* Base */,
			);
			name = LaunchScreen.storyboard;
			sourceTree = "<group>";
		};
/* End PBXVariantGroup section */

/* Begin XCBuildConfiguration section */
		0FF0A71C2AB8CDFA00B10620 /* Debug */ = {
			isa = XCBuildConfiguration;
			buildSettings = {
				ALWAYS_SEARCH_USER_PATHS = NO;
				CLANG_ANALYZER_NONNULL = YES;
				CLANG_ANALYZER_NUMBER_OBJECT_CONVERSION = YES_AGGRESSIVE;
				CLANG_CXX_LANGUAGE_STANDARD = "gnu++20";
				CLANG_ENABLE_MODULES = YES;
				CLANG_ENABLE_OBJC_ARC = YES;
				CLANG_ENABLE_OBJC_WEAK = YES;
				CLANG_WARN_BLOCK_CAPTURE_AUTORELEASING = YES;
				CLANG_WARN_BOOL_CONVERSION = YES;
				CLANG_WARN_COMMA = YES;
				CLANG_WARN_CONSTANT_CONVERSION = YES;
				CLANG_WARN_DEPRECATED_OBJC_IMPLEMENTATIONS = YES;
				CLANG_WARN_DIRECT_OBJC_ISA_USAGE = YES_ERROR;
				CLANG_WARN_DOCUMENTATION_COMMENTS = YES;
				CLANG_WARN_EMPTY_BODY = YES;
				CLANG_WARN_ENUM_CONVERSION = YES;
				CLANG_WARN_INFINITE_RECURSION = YES;
				CLANG_WARN_INT_CONVERSION = YES;
				CLANG_WARN_NON_LITERAL_NULL_CONVERSION = YES;
				CLANG_WARN_OBJC_IMPLICIT_RETAIN_SELF = YES;
				CLANG_WARN_OBJC_LITERAL_CONVERSION = YES;
				CLANG_WARN_OBJC_ROOT_CLASS = YES_ERROR;
				CLANG_WARN_QUOTED_INCLUDE_IN_FRAMEWORK_HEADER = YES;
				CLANG_WARN_RANGE_LOOP_ANALYSIS = YES;
				CLANG_WARN_STRICT_PROTOTYPES = YES;
				CLANG_WARN_SUSPICIOUS_MOVE = YES;
				CLANG_WARN_UNGUARDED_AVAILABILITY = YES_AGGRESSIVE;
				CLANG_WARN_UNREACHABLE_CODE = YES;
				CLANG_WARN__DUPLICATE_METHOD_MATCH = YES;
				COPY_PHASE_STRIP = NO;
				DEBUG_INFORMATION_FORMAT = dwarf;
				ENABLE_STRICT_OBJC_MSGSEND = YES;
				ENABLE_TESTABILITY = YES;
				GCC_C_LANGUAGE_STANDARD = gnu11;
				GCC_DYNAMIC_NO_PIC = NO;
				GCC_NO_COMMON_BLOCKS = YES;
				GCC_OPTIMIZATION_LEVEL = 0;
				GCC_PREPROCESSOR_DEFINITIONS = (
					"DEBUG=1",
					"$(inherited)",
				);
				GCC_WARN_64_TO_32_BIT_CONVERSION = YES;
				GCC_WARN_ABOUT_RETURN_TYPE = YES_ERROR;
				GCC_WARN_UNDECLARED_SELECTOR = YES;
				GCC_WARN_UNINITIALIZED_AUTOS = YES_AGGRESSIVE;
				GCC_WARN_UNUSED_FUNCTION = YES;
				GCC_WARN_UNUSED_VARIABLE = YES;
				IPHONEOS_DEPLOYMENT_TARGET = 16.4;
				MTL_ENABLE_DEBUG_INFO = INCLUDE_SOURCE;
				MTL_FAST_MATH = YES;
				ONLY_ACTIVE_ARCH = YES;
				SDKROOT = iphoneos;
				SWIFT_ACTIVE_COMPILATION_CONDITIONS = DEBUG;
				SWIFT_OPTIMIZATION_LEVEL = "-Onone";
			};
			name = Debug;
		};
		0FF0A71D2AB8CDFA00B10620 /* Release */ = {
			isa = XCBuildConfiguration;
			buildSettings = {
				ALWAYS_SEARCH_USER_PATHS = NO;
				CLANG_ANALYZER_NONNULL = YES;
				CLANG_ANALYZER_NUMBER_OBJECT_CONVERSION = YES_AGGRESSIVE;
				CLANG_CXX_LANGUAGE_STANDARD = "gnu++20";
				CLANG_ENABLE_MODULES = YES;
				CLANG_ENABLE_OBJC_ARC = YES;
				CLANG_ENABLE_OBJC_WEAK = YES;
				CLANG_WARN_BLOCK_CAPTURE_AUTORELEASING = YES;
				CLANG_WARN_BOOL_CONVERSION = YES;
				CLANG_WARN_COMMA = YES;
				CLANG_WARN_CONSTANT_CONVERSION = YES;
				CLANG_WARN_DEPRECATED_OBJC_IMPLEMENTATIONS = YES;
				CLANG_WARN_DIRECT_OBJC_ISA_USAGE = YES_ERROR;
				CLANG_WARN_DOCUMENTATION_COMMENTS = YES;
				CLANG_WARN_EMPTY_BODY = YES;
				CLANG_WARN_ENUM_CONVERSION = YES;
				CLANG_WARN_INFINITE_RECURSION = YES;
				CLANG_WARN_INT_CONVERSION = YES;
				CLANG_WARN_NON_LITERAL_NULL_CONVERSION = YES;
				CLANG_WARN_OBJC_IMPLICIT_RETAIN_SELF = YES;
				CLANG_WARN_OBJC_LITERAL_CONVERSION = YES;
				CLANG_WARN_OBJC_ROOT_CLASS = YES_ERROR;
				CLANG_WARN_QUOTED_INCLUDE_IN_FRAMEWORK_HEADER = YES;
				CLANG_WARN_RANGE_LOOP_ANALYSIS = YES;
				CLANG_WARN_STRICT_PROTOTYPES = YES;
				CLANG_WARN_SUSPICIOUS_MOVE = YES;
				CLANG_WARN_UNGUARDED_AVAILABILITY = YES_AGGRESSIVE;
				CLANG_WARN_UNREACHABLE_CODE = YES;
				CLANG_WARN__DUPLICATE_METHOD_MATCH = YES;
				COPY_PHASE_STRIP = NO;
				DEBUG_INFORMATION_FORMAT = "dwarf-with-dsym";
				ENABLE_NS_ASSERTIONS = NO;
				ENABLE_STRICT_OBJC_MSGSEND = YES;
				GCC_C_LANGUAGE_STANDARD = gnu11;
				GCC_NO_COMMON_BLOCKS = YES;
				GCC_WARN_64_TO_32_BIT_CONVERSION = YES;
				GCC_WARN_ABOUT_RETURN_TYPE = YES_ERROR;
				GCC_WARN_UNDECLARED_SELECTOR = YES;
				GCC_WARN_UNINITIALIZED_AUTOS = YES_AGGRESSIVE;
				GCC_WARN_UNUSED_FUNCTION = YES;
				GCC_WARN_UNUSED_VARIABLE = YES;
				IPHONEOS_DEPLOYMENT_TARGET = 16.4;
				MTL_ENABLE_DEBUG_INFO = NO;
				MTL_FAST_MATH = YES;
				SDKROOT = iphoneos;
				SWIFT_COMPILATION_MODE = wholemodule;
				SWIFT_OPTIMIZATION_LEVEL = "-O";
				VALIDATE_PRODUCT = YES;
			};
			name = Release;
		};
		0FF0A71F2AB8CDFA00B10620 /* Debug */ = {
			isa = XCBuildConfiguration;
			baseConfigurationReference = 12E0EF639D61C36540A9E900 /* Pods-Yummie.debug.xcconfig */;
			buildSettings = {
				ASSETCATALOG_COMPILER_APPICON_NAME = AppIcon;
				ASSETCATALOG_COMPILER_GLOBAL_ACCENT_COLOR_NAME = AccentColor;
				CODE_SIGN_STYLE = Automatic;
				CURRENT_PROJECT_VERSION = 1;
				GENERATE_INFOPLIST_FILE = YES;
				INFOPLIST_FILE = Yummie/Info.plist;
				INFOPLIST_KEY_UIApplicationSupportsIndirectInputEvents = YES;
				INFOPLIST_KEY_UILaunchStoryboardName = LaunchScreen;
				INFOPLIST_KEY_UIMainStoryboardFile = Main;
				INFOPLIST_KEY_UISupportedInterfaceOrientations_iPad = "UIInterfaceOrientationPortrait UIInterfaceOrientationPortraitUpsideDown UIInterfaceOrientationLandscapeLeft UIInterfaceOrientationLandscapeRight";
				INFOPLIST_KEY_UISupportedInterfaceOrientations_iPhone = "UIInterfaceOrientationPortrait UIInterfaceOrientationLandscapeLeft UIInterfaceOrientationLandscapeRight";
				LD_RUNPATH_SEARCH_PATHS = (
					"$(inherited)",
					"@executable_path/Frameworks",
				);
				MARKETING_VERSION = 1.0;
				PRODUCT_BUNDLE_IDENTIFIER = comNote.Yummie;
				PRODUCT_NAME = "$(TARGET_NAME)";
				SWIFT_EMIT_LOC_STRINGS = YES;
				SWIFT_VERSION = 5.0;
				TARGETED_DEVICE_FAMILY = "1,2";
			};
			name = Debug;
		};
		0FF0A7202AB8CDFA00B10620 /* Release */ = {
			isa = XCBuildConfiguration;
			baseConfigurationReference = 82F70F889157F47E6E2DCCD7 /* Pods-Yummie.release.xcconfig */;
			buildSettings = {
				ASSETCATALOG_COMPILER_APPICON_NAME = AppIcon;
				ASSETCATALOG_COMPILER_GLOBAL_ACCENT_COLOR_NAME = AccentColor;
				CODE_SIGN_STYLE = Automatic;
				CURRENT_PROJECT_VERSION = 1;
				GENERATE_INFOPLIST_FILE = YES;
				INFOPLIST_FILE = Yummie/Info.plist;
				INFOPLIST_KEY_UIApplicationSupportsIndirectInputEvents = YES;
				INFOPLIST_KEY_UILaunchStoryboardName = LaunchScreen;
				INFOPLIST_KEY_UIMainStoryboardFile = Main;
				INFOPLIST_KEY_UISupportedInterfaceOrientations_iPad = "UIInterfaceOrientationPortrait UIInterfaceOrientationPortraitUpsideDown UIInterfaceOrientationLandscapeLeft UIInterfaceOrientationLandscapeRight";
				INFOPLIST_KEY_UISupportedInterfaceOrientations_iPhone = "UIInterfaceOrientationPortrait UIInterfaceOrientationLandscapeLeft UIInterfaceOrientationLandscapeRight";
				LD_RUNPATH_SEARCH_PATHS = (
					"$(inherited)",
					"@executable_path/Frameworks",
				);
				MARKETING_VERSION = 1.0;
				PRODUCT_BUNDLE_IDENTIFIER = comNote.Yummie;
				PRODUCT_NAME = "$(TARGET_NAME)";
				SWIFT_EMIT_LOC_STRINGS = YES;
				SWIFT_VERSION = 5.0;
				TARGETED_DEVICE_FAMILY = "1,2";
			};
			name = Release;
		};
/* End XCBuildConfiguration section */

/* Begin XCConfigurationList section */
		0FF0A7052AB8CDF800B10620 /* Build configuration list for PBXProject "Yummie" */ = {
			isa = XCConfigurationList;
			buildConfigurations = (
				0FF0A71C2AB8CDFA00B10620 /* Debug */,
				0FF0A71D2AB8CDFA00B10620 /* Release */,
			);
			defaultConfigurationIsVisible = 0;
			defaultConfigurationName = Release;
		};
		0FF0A71E2AB8CDFA00B10620 /* Build configuration list for PBXNativeTarget "Yummie" */ = {
			isa = XCConfigurationList;
			buildConfigurations = (
				0FF0A71F2AB8CDFA00B10620 /* Debug */,
				0FF0A7202AB8CDFA00B10620 /* Release */,
			);
			defaultConfigurationIsVisible = 0;
			defaultConfigurationName = Release;
		};
/* End XCConfigurationList section */
	};
	rootObject = 0FF0A7022AB8CDF800B10620 /* Project object */;
}
